# This file is automatically @generated by Cargo.
# It is not intended for manual editing.
[[package]]
name = "amalgam"
version = "0.1.0"
dependencies = [
 "netaddr2 0.6.1 (registry+https://github.com/rust-lang/crates.io-index)",
]

[[package]]
name = "netaddr2"
version = "0.6.1"
source = "registry+https://github.com/rust-lang/crates.io-index"

[metadata]
"checksum netaddr2 0.6.1 (registry+https://github.com/rust-lang/crates.io-index)" = "130c6242e71a620fe566ebac384e84a9fbed6a365b7ea925f39dc54f1c878737"
